
Microsoft Visual Studio Solution File, Format Version 12.00
# Visual Studio 15
VisualStudioVersion = 15.0.28307.705
MinimumVisualStudioVersion = 10.0.40219.1
Project("{FAE04EC0-301F-11D3-BF4B-00C04F79EFBC}") = "01.Hello", "01.Hello\01.Hello.csproj", "{CAAC95EF-4AED-4118-834A-770D077C8292}"
EndProject
Project("{FAE04EC0-301F-11D3-BF4B-00C04F79EFBC}") = "02.Zdravey", "02.Zdravey\02.Zdravey.csproj", "{0FCB2FF8-CEEF-4D67-A6E8-C47F390B9BC8}"
EndProject
Global
	GlobalSection(SolutionConfigurationPlatforms) = preSolution
		Debug|Any CPU = Debug|Any CPU
		Release|Any CPU = Release|Any CPU
	EndGlobalSection
	GlobalSection(ProjectConfigurationPlatforms) = postSolution
		{CAAC95EF-4AED-4118-834A-770D077C8292}.Debug|Any CPU.ActiveCfg = Debug|Any CPU
		{CAAC95EF-4AED-4118-834A-770D077C8292}.Debug|Any CPU.Build.0 = Debug|Any CPU
		{CAAC95EF-4AED-4118-834A-770D077C8292}.Release|Any CPU.ActiveCfg = Release|Any CPU
		{CAAC95EF-4AED-4118-834A-770D077C8292}.Release|Any CPU.Build.0 = Release|Any CPU
		{0FCB2FF8-CEEF-4D67-A6E8-C47F390B9BC8}.Debug|Any CPU.ActiveCfg = Debug|Any CPU
		{0FCB2FF8-CEEF-4D67-A6E8-C47F390B9BC8}.Debug|Any CPU.Build.0 = Debug|Any CPU
		{0FCB2FF8-CEEF-4D67-A6E8-C47F390B9BC8}.Release|Any CPU.ActiveCfg = Release|Any CPU
		{0FCB2FF8-CEEF-4D67-A6E8-C47F390B9BC8}.Release|Any CPU.Build.0 = Release|Any CPU
	EndGlobalSection
	GlobalSection(SolutionProperties) = preSolution
		HideSolutionNode = FALSE
	EndGlobalSection
	GlobalSection(ExtensibilityGlobals) = postSolution
		SolutionGuid = {EBB4518C-1BDA-4A97-B2C3-FBD359234355}
	EndGlobalSection
EndGlobal
