
Microsoft Visual Studio Solution File, Format Version 12.00
# Visual Studio 15
VisualStudioVersion = 15.0.28307.705
MinimumVisualStudioVersion = 10.0.40219.1
Project("{FAE04EC0-301F-11D3-BF4B-00C04F79EFBC}") = "ConsoleApp1", "ConsoleApp1\ConsoleApp1.csproj", "{92197B0A-8676-4224-B162-B7A2FC83CC9B}"
EndProject
Project("{FAE04EC0-301F-11D3-BF4B-00C04F79EFBC}") = "ConsoleApp2", "ConsoleApp2\ConsoleApp2.csproj", "{34DE5355-AB33-4C86-BFCD-EA5C55F243F4}"
EndProject
Global
	GlobalSection(SolutionConfigurationPlatforms) = preSolution
		Debug|Any CPU = Debug|Any CPU
		Release|Any CPU = Release|Any CPU
	EndGlobalSection
	GlobalSection(ProjectConfigurationPlatforms) = postSolution
		{92197B0A-8676-4224-B162-B7A2FC83CC9B}.Debug|Any CPU.ActiveCfg = Debug|Any CPU
		{92197B0A-8676-4224-B162-B7A2FC83CC9B}.Debug|Any CPU.Build.0 = Debug|Any CPU
		{92197B0A-8676-4224-B162-B7A2FC83CC9B}.Release|Any CPU.ActiveCfg = Release|Any CPU
		{92197B0A-8676-4224-B162-B7A2FC83CC9B}.Release|Any CPU.Build.0 = Release|Any CPU
		{34DE5355-AB33-4C86-BFCD-EA5C55F243F4}.Debug|Any CPU.ActiveCfg = Debug|Any CPU
		{34DE5355-AB33-4C86-BFCD-EA5C55F243F4}.Debug|Any CPU.Build.0 = Debug|Any CPU
		{34DE5355-AB33-4C86-BFCD-EA5C55F243F4}.Release|Any CPU.ActiveCfg = Release|Any CPU
		{34DE5355-AB33-4C86-BFCD-EA5C55F243F4}.Release|Any CPU.Build.0 = Release|Any CPU
	EndGlobalSection
	GlobalSection(SolutionProperties) = preSolution
		HideSolutionNode = FALSE
	EndGlobalSection
	GlobalSection(ExtensibilityGlobals) = postSolution
		SolutionGuid = {AEC94D8A-D3B0-473C-B0EA-D098418F2BDF}
	EndGlobalSection
EndGlobal
